
Microsoft Visual Studio Solution File, Format Version 12.00
# Visual Studio Version 16
VisualStudioVersion = 16.0.30114.105
MinimumVisualStudioVersion = 10.0.40219.1
Project("{FAE04EC0-301F-11D3-BF4B-00C04F79EFBC}") = "NUnit.Maui.Runner", "NUnit.Maui.Runner\NUnit.Maui.Runner.csproj", "{9C951CB5-A1B1-446B-8B79-C4E1B1B4FB5F}"
EndProject
Project("{FAE04EC0-301F-11D3-BF4B-00C04F79EFBC}") = "nunit.framework", "framework\nunit.framework.csproj", "{F4038B02-945D-4508-875A-CB3338870CAD}"
EndProject
Global
	GlobalSection(SolutionConfigurationPlatforms) = preSolution
		Debug|Any CPU = Debug|Any CPU
		Release|Any CPU = Release|Any CPU
	EndGlobalSection
	GlobalSection(SolutionProperties) = preSolution
		HideSolutionNode = FALSE
	EndGlobalSection
	GlobalSection(ProjectConfigurationPlatforms) = postSolution
		{9C951CB5-A1B1-446B-8B79-C4E1B1B4FB5F}.Debug|Any CPU.ActiveCfg = Debug|Any CPU
		{9C951CB5-A1B1-446B-8B79-C4E1B1B4FB5F}.Debug|Any CPU.Build.0 = Debug|Any CPU
		{9C951CB5-A1B1-446B-8B79-C4E1B1B4FB5F}.Release|Any CPU.ActiveCfg = Release|Any CPU
		{9C951CB5-A1B1-446B-8B79-C4E1B1B4FB5F}.Release|Any CPU.Build.0 = Release|Any CPU
		{F4038B02-945D-4508-875A-CB3338870CAD}.Debug|Any CPU.ActiveCfg = Debug|Any CPU
		{F4038B02-945D-4508-875A-CB3338870CAD}.Debug|Any CPU.Build.0 = Debug|Any CPU
		{F4038B02-945D-4508-875A-CB3338870CAD}.Release|Any CPU.ActiveCfg = Release|Any CPU
		{F4038B02-945D-4508-875A-CB3338870CAD}.Release|Any CPU.Build.0 = Release|Any CPU
	EndGlobalSection
EndGlobal
